
Microsoft Visual Studio Solution File, Format Version 12.00
# Visual Studio Version 17
VisualStudioVersion = 17.4.33213.308
MinimumVisualStudioVersion = 10.0.40219.1
Project("{FAE04EC0-301F-11D3-BF4B-00C04F79EFBC}") = "DesafioContagem", "DesafioContagem\DesafioContagem.csproj", "{025FDDE9-C131-48CF-BE22-F2D81051ABFD}"
EndProject
Global
	GlobalSection(SolutionConfigurationPlatforms) = preSolution
		Debug|Any CPU = Debug|Any CPU
		Release|Any CPU = Release|Any CPU
	EndGlobalSection
	GlobalSection(ProjectConfigurationPlatforms) = postSolution
		{025FDDE9-C131-48CF-BE22-F2D81051ABFD}.Debug|Any CPU.ActiveCfg = Debug|Any CPU
		{025FDDE9-C131-48CF-BE22-F2D81051ABFD}.Debug|Any CPU.Build.0 = Debug|Any CPU
		{025FDDE9-C131-48CF-BE22-F2D81051ABFD}.Release|Any CPU.ActiveCfg = Release|Any CPU
		{025FDDE9-C131-48CF-BE22-F2D81051ABFD}.Release|Any CPU.Build.0 = Release|Any CPU
	EndGlobalSection
	GlobalSection(SolutionProperties) = preSolution
		HideSolutionNode = FALSE
	EndGlobalSection
	GlobalSection(ExtensibilityGlobals) = postSolution
		SolutionGuid = {DA8C4B5E-53E8-48F3-9AD8-51A2C9051456}
	EndGlobalSection
EndGlobal
